
Microsoft Visual Studio Solution File, Format Version 12.00
# Visual Studio Version 17
VisualStudioVersion = 17.6.33801.468
MinimumVisualStudioVersion = 10.0.40219.1
Project("{FAE04EC0-301F-11D3-BF4B-00C04F79EFBC}") = "Homeowork#2", "Homeowrk#2\Homeowork#2.csproj", "{58F3F1A1-F739-4955-9348-7E0086A1F138}"
EndProject
Global
	GlobalSection(SolutionConfigurationPlatforms) = preSolution
		Debug|Any CPU = Debug|Any CPU
		Release|Any CPU = Release|Any CPU
	EndGlobalSection
	GlobalSection(ProjectConfigurationPlatforms) = postSolution
		{58F3F1A1-F739-4955-9348-7E0086A1F138}.Debug|Any CPU.ActiveCfg = Debug|Any CPU
		{58F3F1A1-F739-4955-9348-7E0086A1F138}.Debug|Any CPU.Build.0 = Debug|Any CPU
		{58F3F1A1-F739-4955-9348-7E0086A1F138}.Release|Any CPU.ActiveCfg = Release|Any CPU
		{58F3F1A1-F739-4955-9348-7E0086A1F138}.Release|Any CPU.Build.0 = Release|Any CPU
	EndGlobalSection
	GlobalSection(SolutionProperties) = preSolution
		HideSolutionNode = FALSE
	EndGlobalSection
	GlobalSection(ExtensibilityGlobals) = postSolution
		SolutionGuid = {2CD185A3-6D3C-4E0F-948A-9CD00A8E9E63}
	EndGlobalSection
EndGlobal
